
Microsoft Visual Studio Solution File, Format Version 12.00
# Visual Studio 15
VisualStudioVersion = 15.0.26730.16
MinimumVisualStudioVersion = 10.0.40219.1
Project("{FAE04EC0-301F-11D3-BF4B-00C04F79EFBC}") = "https-aspcore2-win10iot", "https-aspcore2-win10iot\https-aspcore2-win10iot.csproj", "{300CC93C-B7A4-4C43-AF8D-2FE4F27D002E}"
EndProject
Global
	GlobalSection(SolutionConfigurationPlatforms) = preSolution
		Debug|Any CPU = Debug|Any CPU
		Release|Any CPU = Release|Any CPU
	EndGlobalSection
	GlobalSection(ProjectConfigurationPlatforms) = postSolution
		{300CC93C-B7A4-4C43-AF8D-2FE4F27D002E}.Debug|Any CPU.ActiveCfg = Debug|Any CPU
		{300CC93C-B7A4-4C43-AF8D-2FE4F27D002E}.Debug|Any CPU.Build.0 = Debug|Any CPU
		{300CC93C-B7A4-4C43-AF8D-2FE4F27D002E}.Release|Any CPU.ActiveCfg = Release|Any CPU
		{300CC93C-B7A4-4C43-AF8D-2FE4F27D002E}.Release|Any CPU.Build.0 = Release|Any CPU
	EndGlobalSection
	GlobalSection(SolutionProperties) = preSolution
		HideSolutionNode = FALSE
	EndGlobalSection
	GlobalSection(ExtensibilityGlobals) = postSolution
		SolutionGuid = {0A989DD5-A412-4C58-9DA9-FC87596F0E30}
	EndGlobalSection
EndGlobal
